
Microsoft Visual Studio Solution File, Format Version 12.00
# Visual Studio 15
VisualStudioVersion = 15.0.28307.572
MinimumVisualStudioVersion = 10.0.40219.1
Project("{FAE04EC0-301F-11D3-BF4B-00C04F79EFBC}") = "ApiServicesTestAutomation", "apitestautomation\ApiServicesTestAutomation.csproj", "{ED00AFD9-D4B9-4B73-88A2-E13943D49244}"
EndProject
Global
	GlobalSection(SolutionConfigurationPlatforms) = preSolution
		Debug|Any CPU = Debug|Any CPU
		Release|Any CPU = Release|Any CPU
	EndGlobalSection
	GlobalSection(ProjectConfigurationPlatforms) = postSolution
		{ED00AFD9-D4B9-4B73-88A2-E13943D49244}.Debug|Any CPU.ActiveCfg = Debug|Any CPU
		{ED00AFD9-D4B9-4B73-88A2-E13943D49244}.Debug|Any CPU.Build.0 = Debug|Any CPU
		{ED00AFD9-D4B9-4B73-88A2-E13943D49244}.Release|Any CPU.ActiveCfg = Release|Any CPU
		{ED00AFD9-D4B9-4B73-88A2-E13943D49244}.Release|Any CPU.Build.0 = Release|Any CPU
	EndGlobalSection
	GlobalSection(SolutionProperties) = preSolution
		HideSolutionNode = FALSE
	EndGlobalSection
	GlobalSection(ExtensibilityGlobals) = postSolution
		SolutionGuid = {3D19525F-B8C4-443B-B952-C4926B7D9D0A}
	EndGlobalSection
EndGlobal
